Microsoft Visual Studio Solution File, Format Version 12.00
# Visual Studio 2012
Project("{FAE04EC0-301F-11D3-BF4B-00C04F79EFBC}") = "CS_game_project", "CS_game_project.csproj", "{DA57DDD0-6922-4450-93B5-C6703A931DFC}"
EndProject
Global
	GlobalSection(SolutionConfigurationPlatforms) = preSolution
	Debug|Any CPU = Debug|Any CPU
	ExportDebug|Any CPU = ExportDebug|Any CPU
	ExportRelease|Any CPU = ExportRelease|Any CPU
	EndGlobalSection
	GlobalSection(ProjectConfigurationPlatforms) = postSolution
		{DA57DDD0-6922-4450-93B5-C6703A931DFC}.Debug|Any CPU.ActiveCfg = Debug|Any CPU
		{DA57DDD0-6922-4450-93B5-C6703A931DFC}.Debug|Any CPU.Build.0 = Debug|Any CPU
		{DA57DDD0-6922-4450-93B5-C6703A931DFC}.ExportDebug|Any CPU.ActiveCfg = ExportDebug|Any CPU
		{DA57DDD0-6922-4450-93B5-C6703A931DFC}.ExportDebug|Any CPU.Build.0 = ExportDebug|Any CPU
		{DA57DDD0-6922-4450-93B5-C6703A931DFC}.ExportRelease|Any CPU.ActiveCfg = ExportRelease|Any CPU
		{DA57DDD0-6922-4450-93B5-C6703A931DFC}.ExportRelease|Any CPU.Build.0 = ExportRelease|Any CPU
	EndGlobalSection
EndGlobal
